// !$*UTF8*$!
{
	archiveVersion = 1;
	classes = {
	};
	objectVersion = 55;
	objects = {

/* Begin PBXBuildFile section */
		F5F91F99975C1ED81E55B9F2 /* Pods_MyTasks.framework in Frameworks */ = {isa = PBXBuildFile; fileRef = 7ABF8254007291909C91F096 /* Pods_MyTasks.framework */; };
		FA58CD2027989907000137BA /* Podfile in Resources */ = {isa = PBXBuildFile; fileRef = FA58CD1F27989907000137BA /* Podfile */; };
		FA58CD232798A2D1000137BA /* MenuSection.swift in Sources */ = {isa = PBXBuildFile; fileRef = FA58CD222798A2D1000137BA /* MenuSection.swift */; };
		FA58CD262798A7AB000137BA /* ongoingTasksTableViewController.swift in Sources */ = {isa = PBXBuildFile; fileRef = FA58CD252798A7AB000137BA /* ongoingTasksTableViewController.swift */; };
		FA58CD282798A892000137BA /* DoneTasksTableViewController.swift in Sources */ = {isa = PBXBuildFile; fileRef = FA58CD272798A892000137BA /* DoneTasksTableViewController.swift */; };
		FA58CD2A2798B39F000137BA /* NewTaskViewController.swift in Sources */ = {isa = PBXBuildFile; fileRef = FA58CD292798B39F000137BA /* NewTaskViewController.swift */; };
		FA58CD2E27997955000137BA /* Task.swift in Sources */ = {isa = PBXBuildFile; fileRef = FA58CD2D27997955000137BA /* Task.swift */; };
		FA58CD3127997B4E000137BA /* DatabaseManager.swift in Sources */ = {isa = PBXBuildFile; fileRef = FA58CD3027997B4E000137BA /* DatabaseManager.swift */; };
		FA58CD3527997EE9000137BA /* GoogleService-Info.plist in Resources */ = {isa = PBXBuildFile; fileRef = FA58CD3427997EE9000137BA /* GoogleService-Info.plist */; };
		FA58CD38279986F6000137BA /* NewTasksVCDelegate.swift in Sources */ = {isa = PBXBuildFile; fileRef = FA58CD37279986F6000137BA /* NewTasksVCDelegate.swift */; };
		FA58CD3B27998D88000137BA /* ongoingTaskTableViewCell.swift in Sources */ = {isa = PBXBuildFile; fileRef = FA58CD3A27998D88000137BA /* ongoingTaskTableViewCell.swift */; };
		FA58CD3F2799D323000137BA /* DoneTaskTableViewCell.swift in Sources */ = {isa = PBXBuildFile; fileRef = FA58CD3E2799D323000137BA /* DoneTaskTableViewCell.swift */; };
		FA58CD41279ADB48000137BA /* Animatable.swift in Sources */ = {isa = PBXBuildFile; fileRef = FA58CD40279ADB48000137BA /* Animatable.swift */; };
		FA58CD43279AFCE3000137BA /* CalendarView.swift in Sources */ = {isa = PBXBuildFile; fileRef = FA58CD42279AFCE3000137BA /* CalendarView.swift */; };
		FA58CD45279B18D3000137BA /* CalendarViewDelegate.swift in Sources */ = {isa = PBXBuildFile; fileRef = FA58CD44279B18D3000137BA /* CalendarViewDelegate.swift */; };
		FA58CD48279B1CF1000137BA /* Extension+Date.swift in Sources */ = {isa = PBXBuildFile; fileRef = FA58CD47279B1CF1000137BA /* Extension+Date.swift */; };
		FA58CD4A279C0EF5000137BA /* OnboardingViewController.swift in Sources */ = {isa = PBXBuildFile; fileRef = FA58CD49279C0EF5000137BA /* OnboardingViewController.swift */; };
		FA58CD4C279C111E000137BA /* LoginViewController.swift in Sources */ = {isa = PBXBuildFile; fileRef = FA58CD4B279C111E000137BA /* LoginViewController.swift */; };
		FA58CD4E279C1233000137BA /* LoginVCDelegate.swift in Sources */ = {isa = PBXBuildFile; fileRef = FA58CD4D279C1233000137BA /* LoginVCDelegate.swift */; };
		FA58CD51279C1536000137BA /* NavigationManager.swift in Sources */ = {isa = PBXBuildFile; fileRef = FA58CD50279C1536000137BA /* NavigationManager.swift */; };
		FA58CD53279C1CA3000137BA /* AuthManager.swift in Sources */ = {isa = PBXBuildFile; fileRef = FA58CD52279C1CA3000137BA /* AuthManager.swift */; };
		FA58CD55279C5015000137BA /* LoadingViewController.swift in Sources */ = {isa = PBXBuildFile; fileRef = FA58CD54279C5015000137BA /* LoadingViewController.swift */; };
		FA8C6B75279872C800E44D34 /* AppDelegate.swift in Sources */ = {isa = PBXBuildFile; fileRef = FA8C6B74279872C800E44D34 /* AppDelegate.swift */; };
		FA8C6B77279872C800E44D34 /* SceneDelegate.swift in Sources */ = {isa = PBXBuildFile; fileRef = FA8C6B76279872C800E44D34 /* SceneDelegate.swift */; };
		FA8C6B79279872C800E44D34 /* TasksViewController.swift in Sources */ = {isa = PBXBuildFile; fileRef = FA8C6B78279872C800E44D34 /* TasksViewController.swift */; };
		FA8C6B7C279872C800E44D34 /* Main.storyboard in Resources */ = {isa = PBXBuildFile; fileRef = FA8C6B7A279872C800E44D34 /* Main.storyboard */; };
		FA8C6B7E279872CA00E44D34 /* Assets.xcassets in Resources */ = {isa = PBXBuildFile; fileRef = FA8C6B7D279872CA00E44D34 /* Assets.xcassets */; };
		FA8C6B81279872CA00E44D34 /* LaunchScreen.storyboard in Resources */ = {isa = PBXBuildFile; fileRef = FA8C6B7F279872CA00E44D34 /* LaunchScreen.storyboard */; };
/* End PBXBuildFile section */

/* Begin PBXFileReference section */
		7ABF8254007291909C91F096 /* Pods_MyTasks.framework */ = {isa = PBXFileReference; explicitFileType = wrapper.framework; includeInIndex = 0; path = Pods_MyTasks.framework; sourceTree = BUILT_PRODUCTS_DIR; };
		86566B908F86D9ED66D8D799 /* Pods-MyTasks.debug.xcconfig */ = {isa = PBXFileReference; includeInIndex = 1; lastKnownFileType = text.xcconfig; name = "Pods-MyTasks.debug.xcconfig"; path = "Target Support Files/Pods-MyTasks/Pods-MyTasks.debug.xcconfig"; sourceTree = "<group>"; };
		9E24513111249BC7E5436B41 /* Pods-MyTasks.release.xcconfig */ = {isa = PBXFileReference; includeInIndex = 1; lastKnownFileType = text.xcconfig; name = "Pods-MyTasks.release.xcconfig"; path = "Target Support Files/Pods-MyTasks/Pods-MyTasks.release.xcconfig"; sourceTree = "<group>"; };
		FA58CD1F27989907000137BA /* Podfile */ = {isa = PBXFileReference; fileEncoding = 4; lastKnownFileType = text; path = Podfile; sourceTree = "<group>"; xcLanguageSpecificationIdentifier = xcode.lang.ruby; };
		FA58CD222798A2D1000137BA /* MenuSection.swift */ = {isa = PBXFileReference; lastKnownFileType = sourcecode.swift; path = MenuSection.swift; sourceTree = "<group>"; };
		FA58CD252798A7AB000137BA /* ongoingTasksTableViewController.swift */ = {isa = PBXFileReference; lastKnownFileType = sourcecode.swift; path = ongoingTasksTableViewController.swift; sourceTree = "<group>"; };
		FA58CD272798A892000137BA /* DoneTasksTableViewController.swift */ = {isa = PBXFileReference; lastKnownFileType = sourcecode.swift; path = DoneTasksTableViewController.swift; sourceTree = "<group>"; };
		FA58CD292798B39F000137BA /* NewTaskViewController.swift */ = {isa = PBXFileReference; lastKnownFileType = sourcecode.swift; path = NewTaskViewController.swift; sourceTree = "<group>"; };
		FA58CD2D27997955000137BA /* Task.swift */ = {isa = PBXFileReference; lastKnownFileType = sourcecode.swift; path = Task.swift; sourceTree = "<group>"; };
		FA58CD3027997B4E000137BA /* DatabaseManager.swift */ = {isa = PBXFileReference; lastKnownFileType = sourcecode.swift; path = DatabaseManager.swift; sourceTree = "<group>"; };
		FA58CD3427997EE9000137BA /* GoogleService-Info.plist */ = {isa = PBXFileReference; fileEncoding = 4; lastKnownFileType = text.plist.xml; path = "GoogleService-Info.plist"; sourceTree = "<group>"; };
		FA58CD37279986F6000137BA /* NewTasksVCDelegate.swift */ = {isa = PBXFileReference; lastKnownFileType = sourcecode.swift; path = NewTasksVCDelegate.swift; sourceTree = "<group>"; };
		FA58CD3A27998D88000137BA /* ongoingTaskTableViewCell.swift */ = {isa = PBXFileReference; lastKnownFileType = sourcecode.swift; path = ongoingTaskTableViewCell.swift; sourceTree = "<group>"; };
		FA58CD3E2799D323000137BA /* DoneTaskTableViewCell.swift */ = {isa = PBXFileReference; lastKnownFileType = sourcecode.swift; path = DoneTaskTableViewCell.swift; sourceTree = "<group>"; };
		FA58CD40279ADB48000137BA /* Animatable.swift */ = {isa = PBXFileReference; lastKnownFileType = sourcecode.swift; path = Animatable.swift; sourceTree = "<group>"; };
		FA58CD42279AFCE3000137BA /* CalendarView.swift */ = {isa = PBXFileReference; lastKnownFileType = sourcecode.swift; path = CalendarView.swift; sourceTree = "<group>"; };
		FA58CD44279B18D3000137BA /* CalendarViewDelegate.swift */ = {isa = PBXFileReference; lastKnownFileType = sourcecode.swift; path = CalendarViewDelegate.swift; sourceTree = "<group>"; };
		FA58CD47279B1CF1000137BA /* Extension+Date.swift */ = {isa = PBXFileReference; lastKnownFileType = sourcecode.swift; path = "Extension+Date.swift"; sourceTree = "<group>"; };
		FA58CD49279C0EF5000137BA /* OnboardingViewController.swift */ = {isa = PBXFileReference; lastKnownFileType = sourcecode.swift; path = OnboardingViewController.swift; sourceTree = "<group>"; };
		FA58CD4B279C111E000137BA /* LoginViewController.swift */ = {isa = PBXFileReference; lastKnownFileType = sourcecode.swift; path = LoginViewController.swift; sourceTree = "<group>"; };
		FA58CD4D279C1233000137BA /* LoginVCDelegate.swift */ = {isa = PBXFileReference; lastKnownFileType = sourcecode.swift; path = LoginVCDelegate.swift; sourceTree = "<group>"; };
		FA58CD50279C1536000137BA /* NavigationManager.swift */ = {isa = PBXFileReference; lastKnownFileType = sourcecode.swift; path = NavigationManager.swift; sourceTree = "<group>"; };
		FA58CD52279C1CA3000137BA /* AuthManager.swift */ = {isa = PBXFileReference; lastKnownFileType = sourcecode.swift; path = AuthManager.swift; sourceTree = "<group>"; };
		FA58CD54279C5015000137BA /* LoadingViewController.swift */ = {isa = PBXFileReference; lastKnownFileType = sourcecode.swift; path = LoadingViewController.swift; sourceTree = "<group>"; };
		FA58CD56279C780F000137BA /* ar */ = {isa = PBXFileReference; lastKnownFileType = text.plist.strings; name = ar; path = ar.lproj/Main.strings; sourceTree = "<group>"; };
		FA58CD57279C780F000137BA /* ar */ = {isa = PBXFileReference; lastKnownFileType = text.plist.strings; name = ar; path = ar.lproj/LaunchScreen.strings; sourceTree = "<group>"; };
		FA8C6B71279872C800E44D34 /* MyTasks.app */ = {isa = PBXFileReference; explicitFileType = wrapper.application; includeInIndex = 0; path = MyTasks.app; sourceTree = BUILT_PRODUCTS_DIR; };
		FA8C6B74279872C800E44D34 /* AppDelegate.swift */ = {isa = PBXFileReference; lastKnownFileType = sourcecode.swift; path = AppDelegate.swift; sourceTree = "<group>"; };
		FA8C6B76279872C800E44D34 /* SceneDelegate.swift */ = {isa = PBXFileReference; lastKnownFileType = sourcecode.swift; path = SceneDelegate.swift; sourceTree = "<group>"; };
		FA8C6B78279872C800E44D34 /* TasksViewController.swift */ = {isa = PBXFileReference; lastKnownFileType = sourcecode.swift; path = TasksViewController.swift; sourceTree = "<group>"; };
		FA8C6B7B279872C800E44D34 /* Base */ = {isa = PBXFileReference; lastKnownFileType = file.storyboard; name = Base; path = Base.lproj/Main.storyboard; sourceTree = "<group>"; };
		FA8C6B7D279872CA00E44D34 /* Assets.xcassets */ = {isa = PBXFileReference; lastKnownFileType = folder.assetcatalog; path = Assets.xcassets; sourceTree = "<group>"; };
		FA8C6B80279872CA00E44D34 /* Base */ = {isa = PBXFileReference; lastKnownFileType = file.storyboard; name = Base; path = Base.lproj/LaunchScreen.storyboard; sourceTree = "<group>"; };
		FA8C6B82279872CA00E44D34 /* Info.plist */ = {isa = PBXFileReference; lastKnownFileType = text.plist.xml; path = Info.plist; sourceTree = "<group>"; };
/* End PBXFileReference section */

/* Begin PBXFrameworksBuildPhase section */
		FA8C6B6E279872C800E44D34 /* Frameworks */ = {
			isa = PBXFrameworksBuildPhase;
			buildActionMask = 2147483647;
			files = (
				F5F91F99975C1ED81E55B9F2 /* Pods_MyTasks.framework in Frameworks */,
			);
			runOnlyForDeploymentPostprocessing = 0;
		};
/* End PBXFrameworksBuildPhase section */

/* Begin PBXGroup section */
		36F6A6C011315E7E5CF7B371 /* Pods */ = {
			isa = PBXGroup;
			children = (
				86566B908F86D9ED66D8D799 /* Pods-MyTasks.debug.xcconfig */,
				9E24513111249BC7E5436B41 /* Pods-MyTasks.release.xcconfig */,
			);
			path = Pods;
			sourceTree = "<group>";
		};
		56774FFEA7A129031E4271E7 /* Frameworks */ = {
			isa = PBXGroup;
			children = (
				7ABF8254007291909C91F096 /* Pods_MyTasks.framework */,
			);
			name = Frameworks;
			sourceTree = "<group>";
		};
		FA58CD212798A2A1000137BA /* Model */ = {
			isa = PBXGroup;
			children = (
				FA58CD222798A2D1000137BA /* MenuSection.swift */,
				FA58CD2D27997955000137BA /* Task.swift */,
			);
			path = Model;
			sourceTree = "<group>";
		};
		FA58CD242798A785000137BA /* Controller */ = {
			isa = PBXGroup;
			children = (
				FA58CD252798A7AB000137BA /* ongoingTasksTableViewController.swift */,
				FA58CD272798A892000137BA /* DoneTasksTableViewController.swift */,
				FA58CD292798B39F000137BA /* NewTaskViewController.swift */,
				FA8C6B78279872C800E44D34 /* TasksViewController.swift */,
				FA58CD49279C0EF5000137BA /* OnboardingViewController.swift */,
				FA58CD4B279C111E000137BA /* LoginViewController.swift */,
				FA58CD54279C5015000137BA /* LoadingViewController.swift */,
			);
			path = Controller;
			sourceTree = "<group>";
		};
		FA58CD2F27997B1B000137BA /* ManagerService */ = {
			isa = PBXGroup;
			children = (
				FA58CD3027997B4E000137BA /* DatabaseManager.swift */,
				FA58CD50279C1536000137BA /* NavigationManager.swift */,
				FA58CD52279C1CA3000137BA /* AuthManager.swift */,
			);
			path = ManagerService;
			sourceTree = "<group>";
		};
		FA58CD36279986A7000137BA /* Protocol */ = {
			isa = PBXGroup;
			children = (
				FA58CD37279986F6000137BA /* NewTasksVCDelegate.swift */,
				FA58CD40279ADB48000137BA /* Animatable.swift */,
				FA58CD44279B18D3000137BA /* CalendarViewDelegate.swift */,
				FA58CD4D279C1233000137BA /* LoginVCDelegate.swift */,
			);
			path = Protocol;
			sourceTree = "<group>";
		};
		FA58CD3927998D66000137BA /* Views */ = {
			isa = PBXGroup;
			children = (
				FA58CD3A27998D88000137BA /* ongoingTaskTableViewCell.swift */,
				FA58CD3E2799D323000137BA /* DoneTaskTableViewCell.swift */,
				FA58CD42279AFCE3000137BA /* CalendarView.swift */,
			);
			path = Views;
			sourceTree = "<group>";
		};
		FA58CD46279B1CB4000137BA /* extensions */ = {
			isa = PBXGroup;
			children = (
				FA58CD47279B1CF1000137BA /* Extension+Date.swift */,
			);
			path = extensions;
			sourceTree = "<group>";
		};
		FA8C6B68279872C800E44D34 = {
			isa = PBXGroup;
			children = (
				FA58CD1F27989907000137BA /* Podfile */,
				FA8C6B73279872C800E44D34 /* MyTasks */,
				FA8C6B72279872C800E44D34 /* Products */,
				36F6A6C011315E7E5CF7B371 /* Pods */,
				56774FFEA7A129031E4271E7 /* Frameworks */,
			);
			sourceTree = "<group>";
		};
		FA8C6B72279872C800E44D34 /* Products */ = {
			isa = PBXGroup;
			children = (
				FA8C6B71279872C800E44D34 /* MyTasks.app */,
			);
			name = Products;
			sourceTree = "<group>";
		};
		FA8C6B73279872C800E44D34 /* MyTasks */ = {
			isa = PBXGroup;
			children = (
				FA58CD46279B1CB4000137BA /* extensions */,
				FA58CD3927998D66000137BA /* Views */,
				FA58CD36279986A7000137BA /* Protocol */,
				FA58CD2F27997B1B000137BA /* ManagerService */,
				FA58CD242798A785000137BA /* Controller */,
				FA58CD212798A2A1000137BA /* Model */,
				FA8C6B74279872C800E44D34 /* AppDelegate.swift */,
				FA8C6B76279872C800E44D34 /* SceneDelegate.swift */,
				FA8C6B7A279872C800E44D34 /* Main.storyboard */,
				FA8C6B7D279872CA00E44D34 /* Assets.xcassets */,
				FA8C6B7F279872CA00E44D34 /* LaunchScreen.storyboard */,
				FA58CD3427997EE9000137BA /* GoogleService-Info.plist */,
				FA8C6B82279872CA00E44D34 /* Info.plist */,
			);
			path = MyTasks;
			sourceTree = "<group>";
		};
/* End PBXGroup section */

/* Begin PBXNativeTarget section */
		FA8C6B70279872C800E44D34 /* MyTasks */ = {
			isa = PBXNativeTarget;
			buildConfigurationList = FA8C6B85279872CA00E44D34 /* Build configuration list for PBXNativeTarget "MyTasks" */;
			buildPhases = (
				043A3403EDD204161090C24A /* [CP] Check Pods Manifest.lock */,
				FA8C6B6D279872C800E44D34 /* Sources */,
				FA8C6B6E279872C800E44D34 /* Frameworks */,
				FA8C6B6F279872C800E44D34 /* Resources */,
				3C2C235C5E03BC693DFB7DE7 /* [CP] Embed Pods Frameworks */,
			);
			buildRules = (
			);
			dependencies = (
			);
			name = MyTasks;
			productName = MyTasks;
			productReference = FA8C6B71279872C800E44D34 /* MyTasks.app */;
			productType = "com.apple.product-type.application";
		};
/* End PBXNativeTarget section */

/* Begin PBXProject section */
		FA8C6B69279872C800E44D34 /* Project object */ = {
			isa = PBXProject;
			attributes = {
				BuildIndependentTargetsInParallel = 1;
				LastSwiftUpdateCheck = 1320;
				LastUpgradeCheck = 1320;
				TargetAttributes = {
					FA8C6B70279872C800E44D34 = {
						CreatedOnToolsVersion = 13.2.1;
					};
				};
			};
			buildConfigurationList = FA8C6B6C279872C800E44D34 /* Build configuration list for PBXProject "MyTasks" */;
			compatibilityVersion = "Xcode 13.0";
			developmentRegion = en;
			hasScannedForEncodings = 0;
			knownRegions = (
				en,
				Base,
				ar,
			);
			mainGroup = FA8C6B68279872C800E44D34;
			productRefGroup = FA8C6B72279872C800E44D34 /* Products */;
			projectDirPath = "";
			projectRoot = "";
			targets = (
				FA8C6B70279872C800E44D34 /* MyTasks */,
			);
		};
/* End PBXProject section */

/* Begin PBXResourcesBuildPhase section */
		FA8C6B6F279872C800E44D34 /* Resources */ = {
			isa = PBXResourcesBuildPhase;
			buildActionMask = 2147483647;
			files = (
				FA8C6B81279872CA00E44D34 /* LaunchScreen.storyboard in Resources */,
				FA8C6B7E279872CA00E44D34 /* Assets.xcassets in Resources */,
				FA58CD3527997EE9000137BA /* GoogleService-Info.plist in Resources */,
				FA58CD2027989907000137BA /* Podfile in Resources */,
				FA8C6B7C279872C800E44D34 /* Main.storyboard in Resources */,
			);
			runOnlyForDeploymentPostprocessing = 0;
		};
/* End PBXResourcesBuildPhase section */

/* Begin PBXShellScriptBuildPhase section */
		043A3403EDD204161090C24A /* [CP] Check Pods Manifest.lock */ = {
			isa = PBXShellScriptBuildPhase;
			buildActionMask = 2147483647;
			files = (
			);
			inputFileListPaths = (
			);
			inputPaths = (
				"${PODS_PODFILE_DIR_PATH}/Podfile.lock",
				"${PODS_ROOT}/Manifest.lock",
			);
			name = "[CP] Check Pods Manifest.lock";
			outputFileListPaths = (
			);
			outputPaths = (
				"$(DERIVED_FILE_DIR)/Pods-MyTasks-checkManifestLockResult.txt",
			);
			runOnlyForDeploymentPostprocessing = 0;
			shellPath = /bin/sh;
			shellScript = "diff \"${PODS_PODFILE_DIR_PATH}/Podfile.lock\" \"${PODS_ROOT}/Manifest.lock\" > /dev/null\nif [ $? != 0 ] ; then\n    # print error to STDERR\n    echo \"error: The sandbox is not in sync with the Podfile.lock. Run 'pod install' or update your CocoaPods installation.\" >&2\n    exit 1\nfi\n# This output is used by Xcode 'outputs' to avoid re-running this script phase.\necho \"SUCCESS\" > \"${SCRIPT_OUTPUT_FILE_0}\"\n";
			showEnvVarsInLog = 0;
		};
		3C2C235C5E03BC693DFB7DE7 /* [CP] Embed Pods Frameworks */ = {
			isa = PBXShellScriptBuildPhase;
			buildActionMask = 2147483647;
			files = (
			);
			inputFileListPaths = (
				"${PODS_ROOT}/Target Support Files/Pods-MyTasks/Pods-MyTasks-frameworks-${CONFIGURATION}-input-files.xcfilelist",
			);
			name = "[CP] Embed Pods Frameworks";
			outputFileListPaths = (
				"${PODS_ROOT}/Target Support Files/Pods-MyTasks/Pods-MyTasks-frameworks-${CONFIGURATION}-output-files.xcfilelist",
			);
			runOnlyForDeploymentPostprocessing = 0;
			shellPath = /bin/sh;
			shellScript = "\"${PODS_ROOT}/Target Support Files/Pods-MyTasks/Pods-MyTasks-frameworks.sh\"\n";
			showEnvVarsInLog = 0;
		};
/* End PBXShellScriptBuildPhase section */

/* Begin PBXSourcesBuildPhase section */
		FA8C6B6D279872C800E44D34 /* Sources */ = {
			isa = PBXSourcesBuildPhase;
			buildActionMask = 2147483647;
			files = (
				FA58CD4C279C111E000137BA /* LoginViewController.swift in Sources */,
				FA58CD53279C1CA3000137BA /* AuthManager.swift in Sources */,
				FA58CD2E27997955000137BA /* Task.swift in Sources */,
				FA8C6B79279872C800E44D34 /* TasksViewController.swift in Sources */,
				FA58CD2A2798B39F000137BA /* NewTaskViewController.swift in Sources */,
				FA58CD4A279C0EF5000137BA /* OnboardingViewController.swift in Sources */,
				FA58CD45279B18D3000137BA /* CalendarViewDelegate.swift in Sources */,
				FA8C6B75279872C800E44D34 /* AppDelegate.swift in Sources */,
				FA58CD48279B1CF1000137BA /* Extension+Date.swift in Sources */,
				FA58CD38279986F6000137BA /* NewTasksVCDelegate.swift in Sources */,
				FA58CD51279C1536000137BA /* NavigationManager.swift in Sources */,
				FA58CD3B27998D88000137BA /* ongoingTaskTableViewCell.swift in Sources */,
				FA58CD4E279C1233000137BA /* LoginVCDelegate.swift in Sources */,
				FA58CD232798A2D1000137BA /* MenuSection.swift in Sources */,
				FA58CD262798A7AB000137BA /* ongoingTasksTableViewController.swift in Sources */,
				FA58CD43279AFCE3000137BA /* CalendarView.swift in Sources */,
				FA58CD282798A892000137BA /* DoneTasksTableViewController.swift in Sources */,
				FA8C6B77279872C800E44D34 /* SceneDelegate.swift in Sources */,
				FA58CD41279ADB48000137BA /* Animatable.swift in Sources */,
				FA58CD55279C5015000137BA /* LoadingViewController.swift in Sources */,
				FA58CD3F2799D323000137BA /* DoneTaskTableViewCell.swift in Sources */,
				FA58CD3127997B4E000137BA /* DatabaseManager.swift in Sources */,
			);
			runOnlyForDeploymentPostprocessing = 0;
		};
/* End PBXSourcesBuildPhase section */

/* Begin PBXVariantGroup section */
		FA8C6B7A279872C800E44D34 /* Main.storyboard */ = {
			isa = PBXVariantGroup;
			children = (
				FA8C6B7B279872C800E44D34 /* Base */,
				FA58CD56279C780F000137BA /* ar */,
			);
			name = Main.storyboard;
			sourceTree = "<group>";
		};
		FA8C6B7F279872CA00E44D34 /* LaunchScreen.storyboard */ = {
			isa = PBXVariantGroup;
			children = (
				FA8C6B80279872CA00E44D34 /* Base */,
				FA58CD57279C780F000137BA /* ar */,
			);
			name = LaunchScreen.storyboard;
			sourceTree = "<group>";
		};
/* End PBXVariantGroup section */

/* Begin XCBuildConfiguration section */
		FA8C6B83279872CA00E44D34 /* Debug */ = {
			isa = XCBuildConfiguration;
			buildSettings = {
				ALWAYS_SEARCH_USER_PATHS = NO;
				CLANG_ANALYZER_LOCALIZABILITY_NONLOCALIZED = YES;
				CLANG_ANALYZER_NONNULL = YES;
				CLANG_ANALYZER_NUMBER_OBJECT_CONVERSION = YES_AGGRESSIVE;
				CLANG_CXX_LANGUAGE_STANDARD = "gnu++17";
				CLANG_CXX_LIBRARY = "libc++";
				CLANG_ENABLE_MODULES = YES;
				CLANG_ENABLE_OBJC_ARC = YES;
				CLANG_ENABLE_OBJC_WEAK = YES;
				CLANG_WARN_BLOCK_CAPTURE_AUTORELEASING = YES;
				CLANG_WARN_BOOL_CONVERSION = YES;
				CLANG_WARN_COMMA = YES;
				CLANG_WARN_CONSTANT_CONVERSION = YES;
				CLANG_WARN_DEPRECATED_OBJC_IMPLEMENTATIONS = YES;
				CLANG_WARN_DIRECT_OBJC_ISA_USAGE = YES_ERROR;
				CLANG_WARN_DOCUMENTATION_COMMENTS = YES;
				CLANG_WARN_EMPTY_BODY = YES;
				CLANG_WARN_ENUM_CONVERSION = YES;
				CLANG_WARN_INFINITE_RECURSION = YES;
				CLANG_WARN_INT_CONVERSION = YES;
				CLANG_WARN_NON_LITERAL_NULL_CONVERSION = YES;
				CLANG_WARN_OBJC_IMPLICIT_RETAIN_SELF = YES;
				CLANG_WARN_OBJC_LITERAL_CONVERSION = YES;
				CLANG_WARN_OBJC_ROOT_CLASS = YES_ERROR;
				CLANG_WARN_QUOTED_INCLUDE_IN_FRAMEWORK_HEADER = YES;
				CLANG_WARN_RANGE_LOOP_ANALYSIS = YES;
				CLANG_WARN_STRICT_PROTOTYPES = YES;
				CLANG_WARN_SUSPICIOUS_MOVE = YES;
				CLANG_WARN_UNGUARDED_AVAILABILITY = YES_AGGRESSIVE;
				CLANG_WARN_UNREACHABLE_CODE = YES;
				CLANG_WARN__DUPLICATE_METHOD_MATCH = YES;
				COPY_PHASE_STRIP = NO;
				DEBUG_INFORMATION_FORMAT = dwarf;
				ENABLE_STRICT_OBJC_MSGSEND = YES;
				ENABLE_TESTABILITY = YES;
				GCC_C_LANGUAGE_STANDARD = gnu11;
				GCC_DYNAMIC_NO_PIC = NO;
				GCC_NO_COMMON_BLOCKS = YES;
				GCC_OPTIMIZATION_LEVEL = 0;
				GCC_PREPROCESSOR_DEFINITIONS = (
					"DEBUG=1",
					"$(inherited)",
				);
				GCC_WARN_64_TO_32_BIT_CONVERSION = YES;
				GCC_WARN_ABOUT_RETURN_TYPE = YES_ERROR;
				GCC_WARN_UNDECLARED_SELECTOR = YES;
				GCC_WARN_UNINITIALIZED_AUTOS = YES_AGGRESSIVE;
				GCC_WARN_UNUSED_FUNCTION = YES;
				GCC_WARN_UNUSED_VARIABLE = YES;
				IPHONEOS_DEPLOYMENT_TARGET = 15.2;
				MTL_ENABLE_DEBUG_INFO = INCLUDE_SOURCE;
				MTL_FAST_MATH = YES;
				ONLY_ACTIVE_ARCH = YES;
				SDKROOT = iphoneos;
				SWIFT_ACTIVE_COMPILATION_CONDITIONS = DEBUG;
				SWIFT_OPTIMIZATION_LEVEL = "-Onone";
			};
			name = Debug;
		};
		FA8C6B84279872CA00E44D34 /* Release */ = {
			isa = XCBuildConfiguration;
			buildSettings = {
				ALWAYS_SEARCH_USER_PATHS = NO;
				CLANG_ANALYZER_LOCALIZABILITY_NONLOCALIZED = YES;
				CLANG_ANALYZER_NONNULL = YES;
				CLANG_ANALYZER_NUMBER_OBJECT_CONVERSION = YES_AGGRESSIVE;
				CLANG_CXX_LANGUAGE_STANDARD = "gnu++17";
				CLANG_CXX_LIBRARY = "libc++";
				CLANG_ENABLE_MODULES = YES;
				CLANG_ENABLE_OBJC_ARC = YES;
				CLANG_ENABLE_OBJC_WEAK = YES;
				CLANG_WARN_BLOCK_CAPTURE_AUTORELEASING = YES;
				CLANG_WARN_BOOL_CONVERSION = YES;
				CLANG_WARN_COMMA = YES;
				CLANG_WARN_CONSTANT_CONVERSION = YES;
				CLANG_WARN_DEPRECATED_OBJC_IMPLEMENTATIONS = YES;
				CLANG_WARN_DIRECT_OBJC_ISA_USAGE = YES_ERROR;
				CLANG_WARN_DOCUMENTATION_COMMENTS = YES;
				CLANG_WARN_EMPTY_BODY = YES;
				CLANG_WARN_ENUM_CONVERSION = YES;
				CLANG_WARN_INFINITE_RECURSION = YES;
				CLANG_WARN_INT_CONVERSION = YES;
				CLANG_WARN_NON_LITERAL_NULL_CONVERSION = YES;
				CLANG_WARN_OBJC_IMPLICIT_RETAIN_SELF = YES;
				CLANG_WARN_OBJC_LITERAL_CONVERSION = YES;
				CLANG_WARN_OBJC_ROOT_CLASS = YES_ERROR;
				CLANG_WARN_QUOTED_INCLUDE_IN_FRAMEWORK_HEADER = YES;
				CLANG_WARN_RANGE_LOOP_ANALYSIS = YES;
				CLANG_WARN_STRICT_PROTOTYPES = YES;
				CLANG_WARN_SUSPICIOUS_MOVE = YES;
				CLANG_WARN_UNGUARDED_AVAILABILITY = YES_AGGRESSIVE;
				CLANG_WARN_UNREACHABLE_CODE = YES;
				CLANG_WARN__DUPLICATE_METHOD_MATCH = YES;
				COPY_PHASE_STRIP = NO;
				DEBUG_INFORMATION_FORMAT = "dwarf-with-dsym";
				ENABLE_NS_ASSERTIONS = NO;
				ENABLE_STRICT_OBJC_MSGSEND = YES;
				GCC_C_LANGUAGE_STANDARD = gnu11;
				GCC_NO_COMMON_BLOCKS = YES;
				GCC_WARN_64_TO_32_BIT_CONVERSION = YES;
				GCC_WARN_ABOUT_RETURN_TYPE = YES_ERROR;
				GCC_WARN_UNDECLARED_SELECTOR = YES;
				GCC_WARN_UNINITIALIZED_AUTOS = YES_AGGRESSIVE;
				GCC_WARN_UNUSED_FUNCTION = YES;
				GCC_WARN_UNUSED_VARIABLE = YES;
				IPHONEOS_DEPLOYMENT_TARGET = 15.2;
				MTL_ENABLE_DEBUG_INFO = NO;
				MTL_FAST_MATH = YES;
				SDKROOT = iphoneos;
				SWIFT_COMPILATION_MODE = wholemodule;
				SWIFT_OPTIMIZATION_LEVEL = "-O";
				VALIDATE_PRODUCT = YES;
			};
			name = Release;
		};
		FA8C6B86279872CA00E44D34 /* Debug */ = {
			isa = XCBuildConfiguration;
			baseConfigurationReference = 86566B908F86D9ED66D8D799 /* Pods-MyTasks.debug.xcconfig */;
			buildSettings = {
				ASSETCATALOG_COMPILER_APPICON_NAME = AppIcon;
				ASSETCATALOG_COMPILER_GLOBAL_ACCENT_COLOR_NAME = AccentColor;
				CODE_SIGN_STYLE = Automatic;
				CURRENT_PROJECT_VERSION = 1;
				DEVELOPMENT_TEAM = K4UDSV47P7;
				GENERATE_INFOPLIST_FILE = YES;
				INFOPLIST_FILE = MyTasks/Info.plist;
				INFOPLIST_KEY_UIApplicationSupportsIndirectInputEvents = YES;
				INFOPLIST_KEY_UILaunchStoryboardName = LaunchScreen;
				INFOPLIST_KEY_UIMainStoryboardFile = Main;
				INFOPLIST_KEY_UISupportedInterfaceOrientations_iPad = "UIInterfaceOrientationPortrait UIInterfaceOrientationPortraitUpsideDown UIInterfaceOrientationLandscapeLeft UIInterfaceOrientationLandscapeRight";
				INFOPLIST_KEY_UISupportedInterfaceOrientations_iPhone = "UIInterfaceOrientationPortrait UIInterfaceOrientationLandscapeLeft UIInterfaceOrientationLandscapeRight";
				LD_RUNPATH_SEARCH_PATHS = (
					"$(inherited)",
					"@executable_path/Frameworks",
				);
				MARKETING_VERSION = 1.0;
				PRODUCT_BUNDLE_IDENTIFIER = com.google.MyTasks;
				PRODUCT_NAME = "$(TARGET_NAME)";
				SWIFT_EMIT_LOC_STRINGS = YES;
				SWIFT_VERSION = 5.0;
				TARGETED_DEVICE_FAMILY = "1,2";
			};
			name = Debug;
		};
		FA8C6B87279872CA00E44D34 /* Release */ = {
			isa = XCBuildConfiguration;
			baseConfigurationReference = 9E24513111249BC7E5436B41 /* Pods-MyTasks.release.xcconfig */;
			buildSettings = {
				ASSETCATALOG_COMPILER_APPICON_NAME = AppIcon;
				ASSETCATALOG_COMPILER_GLOBAL_ACCENT_COLOR_NAME = AccentColor;
				CODE_SIGN_STYLE = Automatic;
				CURRENT_PROJECT_VERSION = 1;
				DEVELOPMENT_TEAM = K4UDSV47P7;
				GENERATE_INFOPLIST_FILE = YES;
				INFOPLIST_FILE = MyTasks/Info.plist;
				INFOPLIST_KEY_UIApplicationSupportsIndirectInputEvents = YES;
				INFOPLIST_KEY_UILaunchStoryboardName = LaunchScreen;
				INFOPLIST_KEY_UIMainStoryboardFile = Main;
				INFOPLIST_KEY_UISupportedInterfaceOrientations_iPad = "UIInterfaceOrientationPortrait UIInterfaceOrientationPortraitUpsideDown UIInterfaceOrientationLandscapeLeft UIInterfaceOrientationLandscapeRight";
				INFOPLIST_KEY_UISupportedInterfaceOrientations_iPhone = "UIInterfaceOrientationPortrait UIInterfaceOrientationLandscapeLeft UIInterfaceOrientationLandscapeRight";
				LD_RUNPATH_SEARCH_PATHS = (
					"$(inherited)",
					"@executable_path/Frameworks",
				);
				MARKETING_VERSION = 1.0;
				PRODUCT_BUNDLE_IDENTIFIER = com.google.MyTasks;
				PRODUCT_NAME = "$(TARGET_NAME)";
				SWIFT_EMIT_LOC_STRINGS = YES;
				SWIFT_VERSION = 5.0;
				TARGETED_DEVICE_FAMILY = "1,2";
			};
			name = Release;
		};
/* End XCBuildConfiguration section */

/* Begin XCConfigurationList section */
		FA8C6B6C279872C800E44D34 /* Build configuration list for PBXProject "MyTasks" */ = {
			isa = XCConfigurationList;
			buildConfigurations = (
				FA8C6B83279872CA00E44D34 /* Debug */,
				FA8C6B84279872CA00E44D34 /* Release */,
			);
			defaultConfigurationIsVisible = 0;
			defaultConfigurationName = Release;
		};
		FA8C6B85279872CA00E44D34 /* Build configuration list for PBXNativeTarget "MyTasks" */ = {
			isa = XCConfigurationList;
			buildConfigurations = (
				FA8C6B86279872CA00E44D34 /* Debug */,
				FA8C6B87279872CA00E44D34 /* Release */,
			);
			defaultConfigurationIsVisible = 0;
			defaultConfigurationName = Release;
		};
/* End XCConfigurationList section */
	};
	rootObject = FA8C6B69279872C800E44D34 /* Project object */;
}
